
Microsoft Visual Studio Solution File, Format Version 12.00
# Visual Studio Version 17
VisualStudioVersion = 17.10.34928.147
MinimumVisualStudioVersion = 10.0.40219.1
Project("{FAE04EC0-301F-11D3-BF4B-00C04F79EFBC}") = "Advanced03", "Advanced03\Advanced03.csproj", "{AECF6BB2-FD33-4324-AD2A-3D25D5BA222D}"
EndProject
Global
	GlobalSection(SolutionConfigurationPlatforms) = preSolution
		Debug|Any CPU = Debug|Any CPU
		Release|Any CPU = Release|Any CPU
	EndGlobalSection
	GlobalSection(ProjectConfigurationPlatforms) = postSolution
		{AECF6BB2-FD33-4324-AD2A-3D25D5BA222D}.Debug|Any CPU.ActiveCfg = Debug|Any CPU
		{AECF6BB2-FD33-4324-AD2A-3D25D5BA222D}.Debug|Any CPU.Build.0 = Debug|Any CPU
		{AECF6BB2-FD33-4324-AD2A-3D25D5BA222D}.Release|Any CPU.ActiveCfg = Release|Any CPU
		{AECF6BB2-FD33-4324-AD2A-3D25D5BA222D}.Release|Any CPU.Build.0 = Release|Any CPU
	EndGlobalSection
	GlobalSection(SolutionProperties) = preSolution
		HideSolutionNode = FALSE
	EndGlobalSection
	GlobalSection(ExtensibilityGlobals) = postSolution
		SolutionGuid = {940CA3EF-F51F-4A25-95AB-336A9FD5E04B}
	EndGlobalSection
EndGlobal
